
Microsoft Visual Studio Solution File, Format Version 12.00
# Visual Studio Version 17
VisualStudioVersion = 17.6.33815.320
MinimumVisualStudioVersion = 10.0.40219.1
Project("{FAE04EC0-301F-11D3-BF4B-00C04F79EFBC}") = "WebApiGitHub", "WebApiGitHub\WebApiGitHub.csproj", "{919AAFF6-8077-4D33-9C12-B7F0A27E989C}"
EndProject
Global
	GlobalSection(SolutionConfigurationPlatforms) = preSolution
		Debug|Any CPU = Debug|Any CPU
		Release|Any CPU = Release|Any CPU
	EndGlobalSection
	GlobalSection(ProjectConfigurationPlatforms) = postSolution
		{919AAFF6-8077-4D33-9C12-B7F0A27E989C}.Debug|Any CPU.ActiveCfg = Debug|Any CPU
		{919AAFF6-8077-4D33-9C12-B7F0A27E989C}.Debug|Any CPU.Build.0 = Debug|Any CPU
		{919AAFF6-8077-4D33-9C12-B7F0A27E989C}.Release|Any CPU.ActiveCfg = Release|Any CPU
		{919AAFF6-8077-4D33-9C12-B7F0A27E989C}.Release|Any CPU.Build.0 = Release|Any CPU
	EndGlobalSection
	GlobalSection(SolutionProperties) = preSolution
		HideSolutionNode = FALSE
	EndGlobalSection
	GlobalSection(ExtensibilityGlobals) = postSolution
		SolutionGuid = {BCC5C6AE-17F3-40E0-A593-0CE841962C08}
	EndGlobalSection
EndGlobal
